// !$*UTF8*$!
{
	archiveVersion = 1;
	classes = {
	};
	objectVersion = 46;
	objects = {

/* Begin PBXBuildFile section */
		3CAD5A691A67B1F300F8ED75 /* main.m in Sources */ = {isa = PBXBuildFile; fileRef = 3CAD5A681A67B1F300F8ED75 /* main.m */; };
		3CAD5A6C1A67B1F300F8ED75 /* AppDelegate.m in Sources */ = {isa = PBXBuildFile; fileRef = 3CAD5A6B1A67B1F300F8ED75 /* AppDelegate.m */; };
		3CAD5A6F1A67B1F300F8ED75 /* ViewController.m in Sources */ = {isa = PBXBuildFile; fileRef = 3CAD5A6E1A67B1F300F8ED75 /* ViewController.m */; };
		3CAD5A721A67B1F300F8ED75 /* Main.storyboard in Resources */ = {isa = PBXBuildFile; fileRef = 3CAD5A701A67B1F300F8ED75 /* Main.storyboard */; };
		3CAD5A741A67B1F300F8ED75 /* Images.xcassets in Resources */ = {isa = PBXBuildFile; fileRef = 3CAD5A731A67B1F300F8ED75 /* Images.xcassets */; };
		3CAD5A771A67B1F300F8ED75 /* LaunchScreen.xib in Resources */ = {isa = PBXBuildFile; fileRef = 3CAD5A751A67B1F300F8ED75 /* LaunchScreen.xib */; };
		3CAD5A831A67B1F300F8ED75 /* AreaChooseTests.m in Sources */ = {isa = PBXBuildFile; fileRef = 3CAD5A821A67B1F300F8ED75 /* AreaChooseTests.m */; };
		3CAD5A901A67B20E00F8ED75 /* citydict.plist in Resources */ = {isa = PBXBuildFile; fileRef = 3CAD5A8C1A67B20E00F8ED75 /* citydict.plist */; };
		3CAD5A911A67B20E00F8ED75 /* MSAreaChooseController.m in Sources */ = {isa = PBXBuildFile; fileRef = 3CAD5A8E1A67B20E00F8ED75 /* MSAreaChooseController.m */; };
		3CAD5A921A67B20E00F8ED75 /* MSAreaChooseController.xib in Resources */ = {isa = PBXBuildFile; fileRef = 3CAD5A8F1A67B20E00F8ED75 /* MSAreaChooseController.xib */; };
/* End PBXBuildFile section */

/* Begin PBXContainerItemProxy section */
		3CAD5A7D1A67B1F300F8ED75 /* PBXContainerItemProxy */ = {
			isa = PBXContainerItemProxy;
			containerPortal = 3CAD5A5B1A67B1F300F8ED75 /* Project object */;
			proxyType = 1;
			remoteGlobalIDString = 3CAD5A621A67B1F300F8ED75;
			remoteInfo = AreaChoose;
		};
/* End PBXContainerItemProxy section */

/* Begin PBXFileReference section */
		3CAD5A631A67B1F300F8ED75 /* AreaChoose.app */ = {isa = PBXFileReference; explicitFileType = wrapper.application; includeInIndex = 0; path = AreaChoose.app; sourceTree = BUILT_PRODUCTS_DIR; };
		3CAD5A671A67B1F300F8ED75 /* Info.plist */ = {isa = PBXFileReference; lastKnownFileType = text.plist.xml; path = Info.plist; sourceTree = "<group>"; };
		3CAD5A681A67B1F300F8ED75 /* main.m */ = {isa = PBXFileReference; lastKnownFileType = sourcecode.c.objc; path = main.m; sourceTree = "<group>"; };
		3CAD5A6A1A67B1F300F8ED75 /* AppDelegate.h */ = {isa = PBXFileReference; lastKnownFileType = sourcecode.c.h; path = AppDelegate.h; sourceTree = "<group>"; };
		3CAD5A6B1A67B1F300F8ED75 /* AppDelegate.m */ = {isa = PBXFileReference; lastKnownFileType = sourcecode.c.objc; path = AppDelegate.m; sourceTree = "<group>"; };
		3CAD5A6D1A67B1F300F8ED75 /* ViewController.h */ = {isa = PBXFileReference; lastKnownFileType = sourcecode.c.h; path = ViewController.h; sourceTree = "<group>"; };
		3CAD5A6E1A67B1F300F8ED75 /* ViewController.m */ = {isa = PBXFileReference; lastKnownFileType = sourcecode.c.objc; path = ViewController.m; sourceTree = "<group>"; };
		3CAD5A711A67B1F300F8ED75 /* Base */ = {isa = PBXFileReference; lastKnownFileType = file.storyboard; name = Base; path = Base.lproj/Main.storyboard; sourceTree = "<group>"; };
		3CAD5A731A67B1F300F8ED75 /* Images.xcassets */ = {isa = PBXFileReference; lastKnownFileType = folder.assetcatalog; path = Images.xcassets; sourceTree = "<group>"; };
		3CAD5A761A67B1F300F8ED75 /* Base */ = {isa = PBXFileReference; lastKnownFileType = file.xib; name = Base; path = Base.lproj/LaunchScreen.xib; sourceTree = "<group>"; };
		3CAD5A7C1A67B1F300F8ED75 /* AreaChooseTests.xctest */ = {isa = PBXFileReference; explicitFileType = wrapper.cfbundle; includeInIndex = 0; path = AreaChooseTests.xctest; sourceTree = BUILT_PRODUCTS_DIR; };
		3CAD5A811A67B1F300F8ED75 /* Info.plist */ = {isa = PBXFileReference; lastKnownFileType = text.plist.xml; path = Info.plist; sourceTree = "<group>"; };
		3CAD5A821A67B1F300F8ED75 /* AreaChooseTests.m */ = {isa = PBXFileReference; lastKnownFileType = sourcecode.c.objc; path = AreaChooseTests.m; sourceTree = "<group>"; };
		3CAD5A8C1A67B20E00F8ED75 /* citydict.plist */ = {isa = PBXFileReference; fileEncoding = 4; lastKnownFileType = text.plist.xml; path = citydict.plist; sourceTree = "<group>"; };
		3CAD5A8D1A67B20E00F8ED75 /* MSAreaChooseController.h */ = {isa = PBXFileReference; fileEncoding = 4; lastKnownFileType = sourcecode.c.h; path = MSAreaChooseController.h; sourceTree = "<group>"; };
		3CAD5A8E1A67B20E00F8ED75 /* MSAreaChooseController.m */ = {isa = PBXFileReference; fileEncoding = 4; lastKnownFileType = sourcecode.c.objc; path = MSAreaChooseController.m; sourceTree = "<group>"; };
		3CAD5A8F1A67B20E00F8ED75 /* MSAreaChooseController.xib */ = {isa = PBXFileReference; fileEncoding = 4; lastKnownFileType = file.xib; path = MSAreaChooseController.xib; sourceTree = "<group>"; };
/* End PBXFileReference section */

/* Begin PBXFrameworksBuildPhase section */
		3CAD5A601A67B1F300F8ED75 /* Frameworks */ = {
			isa = PBXFrameworksBuildPhase;
			buildActionMask = 2147483647;
			files = (
			);
			runOnlyForDeploymentPostprocessing = 0;
		};
		3CAD5A791A67B1F300F8ED75 /* Frameworks */ = {
			isa = PBXFrameworksBuildPhase;
			buildActionMask = 2147483647;
			files = (
			);
			runOnlyForDeploymentPostprocessing = 0;
		};
/* End PBXFrameworksBuildPhase section */

/* Begin PBXGroup section */
		3CAD5A5A1A67B1F300F8ED75 = {
			isa = PBXGroup;
			children = (
				3CAD5A651A67B1F300F8ED75 /* AreaChoose */,
				3CAD5A7F1A67B1F300F8ED75 /* AreaChooseTests */,
				3CAD5A641A67B1F300F8ED75 /* Products */,
			);
			sourceTree = "<group>";
		};
		3CAD5A641A67B1F300F8ED75 /* Products */ = {
			isa = PBXGroup;
			children = (
				3CAD5A631A67B1F300F8ED75 /* AreaChoose.app */,
				3CAD5A7C1A67B1F300F8ED75 /* AreaChooseTests.xctest */,
			);
			name = Products;
			sourceTree = "<group>";
		};
		3CAD5A651A67B1F300F8ED75 /* AreaChoose */ = {
			isa = PBXGroup;
			children = (
				3CAD5A6A1A67B1F300F8ED75 /* AppDelegate.h */,
				3CAD5A6B1A67B1F300F8ED75 /* AppDelegate.m */,
				3CAD5A8C1A67B20E00F8ED75 /* citydict.plist */,
				3CAD5A8D1A67B20E00F8ED75 /* MSAreaChooseController.h */,
				3CAD5A8E1A67B20E00F8ED75 /* MSAreaChooseController.m */,
				3CAD5A8F1A67B20E00F8ED75 /* MSAreaChooseController.xib */,
				3CAD5A6D1A67B1F300F8ED75 /* ViewController.h */,
				3CAD5A6E1A67B1F300F8ED75 /* ViewController.m */,
				3CAD5A701A67B1F300F8ED75 /* Main.storyboard */,
				3CAD5A731A67B1F300F8ED75 /* Images.xcassets */,
				3CAD5A751A67B1F300F8ED75 /* LaunchScreen.xib */,
				3CAD5A661A67B1F300F8ED75 /* Supporting Files */,
			);
			path = AreaChoose;
			sourceTree = "<group>";
		};
		3CAD5A661A67B1F300F8ED75 /* Supporting Files */ = {
			isa = PBXGroup;
			children = (
				3CAD5A671A67B1F300F8ED75 /* Info.plist */,
				3CAD5A681A67B1F300F8ED75 /* main.m */,
			);
			name = "Supporting Files";
			sourceTree = "<group>";
		};
		3CAD5A7F1A67B1F300F8ED75 /* AreaChooseTests */ = {
			isa = PBXGroup;
			children = (
				3CAD5A821A67B1F300F8ED75 /* AreaChooseTests.m */,
				3CAD5A801A67B1F300F8ED75 /* Supporting Files */,
			);
			path = AreaChooseTests;
			sourceTree = "<group>";
		};
		3CAD5A801A67B1F300F8ED75 /* Supporting Files */ = {
			isa = PBXGroup;
			children = (
				3CAD5A811A67B1F300F8ED75 /* Info.plist */,
			);
			name = "Supporting Files";
			sourceTree = "<group>";
		};
/* End PBXGroup section */

/* Begin PBXNativeTarget section */
		3CAD5A621A67B1F300F8ED75 /* AreaChoose */ = {
			isa = PBXNativeTarget;
			buildConfigurationList = 3CAD5A861A67B1F300F8ED75 /* Build configuration list for PBXNativeTarget "AreaChoose" */;
			buildPhases = (
				3CAD5A5F1A67B1F300F8ED75 /* Sources */,
				3CAD5A601A67B1F300F8ED75 /* Frameworks */,
				3CAD5A611A67B1F300F8ED75 /* Resources */,
			);
			buildRules = (
			);
			dependencies = (
			);
			name = AreaChoose;
			productName = AreaChoose;
			productReference = 3CAD5A631A67B1F300F8ED75 /* AreaChoose.app */;
			productType = "com.apple.product-type.application";
		};
		3CAD5A7B1A67B1F300F8ED75 /* AreaChooseTests */ = {
			isa = PBXNativeTarget;
			buildConfigurationList = 3CAD5A891A67B1F300F8ED75 /* Build configuration list for PBXNativeTarget "AreaChooseTests" */;
			buildPhases = (
				3CAD5A781A67B1F300F8ED75 /* Sources */,
				3CAD5A791A67B1F300F8ED75 /* Frameworks */,
				3CAD5A7A1A67B1F300F8ED75 /* Resources */,
			);
			buildRules = (
			);
			dependencies = (
				3CAD5A7E1A67B1F300F8ED75 /* PBXTargetDependency */,
			);
			name = AreaChooseTests;
			productName = AreaChooseTests;
			productReference = 3CAD5A7C1A67B1F300F8ED75 /* AreaChooseTests.xctest */;
			productType = "com.apple.product-type.bundle.unit-test";
		};
/* End PBXNativeTarget section */

/* Begin PBXProject section */
		3CAD5A5B1A67B1F300F8ED75 /* Project object */ = {
			isa = PBXProject;
			attributes = {
				LastUpgradeCheck = 0610;
				ORGANIZATIONNAME = jinhua;
				TargetAttributes = {
					3CAD5A621A67B1F300F8ED75 = {
						CreatedOnToolsVersion = 6.1.1;
					};
					3CAD5A7B1A67B1F300F8ED75 = {
						CreatedOnToolsVersion = 6.1.1;
						TestTargetID = 3CAD5A621A67B1F300F8ED75;
					};
				};
			};
			buildConfigurationList = 3CAD5A5E1A67B1F300F8ED75 /* Build configuration list for PBXProject "AreaChoose" */;
			compatibilityVersion = "Xcode 3.2";
			developmentRegion = English;
			hasScannedForEncodings = 0;
			knownRegions = (
				en,
				Base,
			);
			mainGroup = 3CAD5A5A1A67B1F300F8ED75;
			productRefGroup = 3CAD5A641A67B1F300F8ED75 /* Products */;
			projectDirPath = "";
			projectRoot = "";
			targets = (
				3CAD5A621A67B1F300F8ED75 /* AreaChoose */,
				3CAD5A7B1A67B1F300F8ED75 /* AreaChooseTests */,
			);
		};
/* End PBXProject section */

/* Begin PBXResourcesBuildPhase section */
		3CAD5A611A67B1F300F8ED75 /* Resources */ = {
			isa = PBXResourcesBuildPhase;
			buildActionMask = 2147483647;
			files = (
				3CAD5A721A67B1F300F8ED75 /* Main.storyboard in Resources */,
				3CAD5A921A67B20E00F8ED75 /* MSAreaChooseController.xib in Resources */,
				3CAD5A901A67B20E00F8ED75 /* citydict.plist in Resources */,
				3CAD5A771A67B1F300F8ED75 /* LaunchScreen.xib in Resources */,
				3CAD5A741A67B1F300F8ED75 /* Images.xcassets in Resources */,
			);
			runOnlyForDeploymentPostprocessing = 0;
		};
		3CAD5A7A1A67B1F300F8ED75 /* Resources */ = {
			isa = PBXResourcesBuildPhase;
			buildActionMask = 2147483647;
			files = (
			);
			runOnlyForDeploymentPostprocessing = 0;
		};
/* End PBXResourcesBuildPhase section */

/* Begin PBXSourcesBuildPhase section */
		3CAD5A5F1A67B1F300F8ED75 /* Sources */ = {
			isa = PBXSourcesBuildPhase;
			buildActionMask = 2147483647;
			files = (
				3CAD5A6F1A67B1F300F8ED75 /* ViewController.m in Sources */,
				3CAD5A911A67B20E00F8ED75 /* MSAreaChooseController.m in Sources */,
				3CAD5A6C1A67B1F300F8ED75 /* AppDelegate.m in Sources */,
				3CAD5A691A67B1F300F8ED75 /* main.m in Sources */,
			);
			runOnlyForDeploymentPostprocessing = 0;
		};
		3CAD5A781A67B1F300F8ED75 /* Sources */ = {
			isa = PBXSourcesBuildPhase;
			buildActionMask = 2147483647;
			files = (
				3CAD5A831A67B1F300F8ED75 /* AreaChooseTests.m in Sources */,
			);
			runOnlyForDeploymentPostprocessing = 0;
		};
/* End PBXSourcesBuildPhase section */

/* Begin PBXTargetDependency section */
		3CAD5A7E1A67B1F300F8ED75 /* PBXTargetDependency */ = {
			isa = PBXTargetDependency;
			target = 3CAD5A621A67B1F300F8ED75 /* AreaChoose */;
			targetProxy = 3CAD5A7D1A67B1F300F8ED75 /* PBXContainerItemProxy */;
		};
/* End PBXTargetDependency section */

/* Begin PBXVariantGroup section */
		3CAD5A701A67B1F300F8ED75 /* Main.storyboard */ = {
			isa = PBXVariantGroup;
			children = (
				3CAD5A711A67B1F300F8ED75 /* Base */,
			);
			name = Main.storyboard;
			sourceTree = "<group>";
		};
		3CAD5A751A67B1F300F8ED75 /* LaunchScreen.xib */ = {
			isa = PBXVariantGroup;
			children = (
				3CAD5A761A67B1F300F8ED75 /* Base */,
			);
			name = LaunchScreen.xib;
			sourceTree = "<group>";
		};
/* End PBXVariantGroup section */

/* Begin XCBuildConfiguration section */
		3CAD5A841A67B1F300F8ED75 /* Debug */ = {
			isa = XCBuildConfiguration;
			buildSettings = {
				ALWAYS_SEARCH_USER_PATHS = NO;
				CLANG_CXX_LANGUAGE_STANDARD = "gnu++0x";
				CLANG_CXX_LIBRARY = "libc++";
				CLANG_ENABLE_MODULES = YES;
				CLANG_ENABLE_OBJC_ARC = YES;
				CLANG_WARN_BOOL_CONVERSION = YES;
				CLANG_WARN_CONSTANT_CONVERSION = YES;
				CLANG_WARN_DIRECT_OBJC_ISA_USAGE = YES_ERROR;
				CLANG_WARN_EMPTY_BODY = YES;
				CLANG_WARN_ENUM_CONVERSION = YES;
				CLANG_WARN_INT_CONVERSION = YES;
				CLANG_WARN_OBJC_ROOT_CLASS = YES_ERROR;
				CLANG_WARN_UNREACHABLE_CODE = YES;
				CLANG_WARN__DUPLICATE_METHOD_MATCH = YES;
				"CODE_SIGN_IDENTITY[sdk=iphoneos*]" = "iPhone Developer";
				COPY_PHASE_STRIP = NO;
				ENABLE_STRICT_OBJC_MSGSEND = YES;
				GCC_C_LANGUAGE_STANDARD = gnu99;
				GCC_DYNAMIC_NO_PIC = NO;
				GCC_OPTIMIZATION_LEVEL = 0;
				GCC_PREPROCESSOR_DEFINITIONS = (
					"DEBUG=1",
					"$(inherited)",
				);
				GCC_SYMBOLS_PRIVATE_EXTERN = NO;
				GCC_WARN_64_TO_32_BIT_CONVERSION = YES;
				GCC_WARN_ABOUT_RETURN_TYPE = YES_ERROR;
				GCC_WARN_UNDECLARED_SELECTOR = YES;
				GCC_WARN_UNINITIALIZED_AUTOS = YES_AGGRESSIVE;
				GCC_WARN_UNUSED_FUNCTION = YES;
				GCC_WARN_UNUSED_VARIABLE = YES;
				IPHONEOS_DEPLOYMENT_TARGET = 8.1;
				MTL_ENABLE_DEBUG_INFO = YES;
				ONLY_ACTIVE_ARCH = YES;
				SDKROOT = iphoneos;
				TARGETED_DEVICE_FAMILY = "1,2";
			};
			name = Debug;
		};
		3CAD5A851A67B1F300F8ED75 /* Release */ = {
			isa = XCBuildConfiguration;
			buildSettings = {
				ALWAYS_SEARCH_USER_PATHS = NO;
				CLANG_CXX_LANGUAGE_STANDARD = "gnu++0x";
				CLANG_CXX_LIBRARY = "libc++";
				CLANG_ENABLE_MODULES = YES;
				CLANG_ENABLE_OBJC_ARC = YES;
				CLANG_WARN_BOOL_CONVERSION = YES;
				CLANG_WARN_CONSTANT_CONVERSION = YES;
				CLANG_WARN_DIRECT_OBJC_ISA_USAGE = YES_ERROR;
				CLANG_WARN_EMPTY_BODY = YES;
				CLANG_WARN_ENUM_CONVERSION = YES;
				CLANG_WARN_INT_CONVERSION = YES;
				CLANG_WARN_OBJC_ROOT_CLASS = YES_ERROR;
				CLANG_WARN_UNREACHABLE_CODE = YES;
				CLANG_WARN__DUPLICATE_METHOD_MATCH = YES;
				"CODE_SIGN_IDENTITY[sdk=iphoneos*]" = "iPhone Developer";
				COPY_PHASE_STRIP = YES;
				ENABLE_NS_ASSERTIONS = NO;
				ENABLE_STRICT_OBJC_MSGSEND = YES;
				GCC_C_LANGUAGE_STANDARD = gnu99;
				GCC_WARN_64_TO_32_BIT_CONVERSION = YES;
				GCC_WARN_ABOUT_RETURN_TYPE = YES_ERROR;
				GCC_WARN_UNDECLARED_SELECTOR = YES;
				GCC_WARN_UNINITIALIZED_AUTOS = YES_AGGRESSIVE;
				GCC_WARN_UNUSED_FUNCTION = YES;
				GCC_WARN_UNUSED_VARIABLE = YES;
				IPHONEOS_DEPLOYMENT_TARGET = 8.1;
				MTL_ENABLE_DEBUG_INFO = NO;
				SDKROOT = iphoneos;
				TARGETED_DEVICE_FAMILY = "1,2";
				VALIDATE_PRODUCT = YES;
			};
			name = Release;
		};
		3CAD5A871A67B1F300F8ED75 /* Debug */ = {
			isa = XCBuildConfiguration;
			buildSettings = {
				ASSETCATALOG_COMPILER_APPICON_NAME = AppIcon;
				INFOPLIST_FILE = AreaChoose/Info.plist;
				LD_RUNPATH_SEARCH_PATHS = "$(inherited) @executable_path/Frameworks";
				PRODUCT_NAME = "$(TARGET_NAME)";
			};
			name = Debug;
		};
		3CAD5A881A67B1F300F8ED75 /* Release */ = {
			isa = XCBuildConfiguration;
			buildSettings = {
				ASSETCATALOG_COMPILER_APPICON_NAME = AppIcon;
				INFOPLIST_FILE = AreaChoose/Info.plist;
				LD_RUNPATH_SEARCH_PATHS = "$(inherited) @executable_path/Frameworks";
				PRODUCT_NAME = "$(TARGET_NAME)";
			};
			name = Release;
		};
		3CAD5A8A1A67B1F300F8ED75 /* Debug */ = {
			isa = XCBuildConfiguration;
			buildSettings = {
				BUNDLE_LOADER = "$(TEST_HOST)";
				FRAMEWORK_SEARCH_PATHS = (
					"$(SDKROOT)/Developer/Library/Frameworks",
					"$(inherited)",
				);
				GCC_PREPROCESSOR_DEFINITIONS = (
					"DEBUG=1",
					"$(inherited)",
				);
				INFOPLIST_FILE = AreaChooseTests/Info.plist;
				LD_RUNPATH_SEARCH_PATHS = "$(inherited) @executable_path/Frameworks @loader_path/Frameworks";
				PRODUCT_NAME = "$(TARGET_NAME)";
				TEST_HOST = "$(BUILT_PRODUCTS_DIR)/AreaChoose.app/AreaChoose";
			};
			name = Debug;
		};
		3CAD5A8B1A67B1F300F8ED75 /* Release */ = {
			isa = XCBuildConfiguration;
			buildSettings = {
				BUNDLE_LOADER = "$(TEST_HOST)";
				FRAMEWORK_SEARCH_PATHS = (
					"$(SDKROOT)/Developer/Library/Frameworks",
					"$(inherited)",
				);
				INFOPLIST_FILE = AreaChooseTests/Info.plist;
				LD_RUNPATH_SEARCH_PATHS = "$(inherited) @executable_path/Frameworks @loader_path/Frameworks";
				PRODUCT_NAME = "$(TARGET_NAME)";
				TEST_HOST = "$(BUILT_PRODUCTS_DIR)/AreaChoose.app/AreaChoose";
			};
			name = Release;
		};
/* End XCBuildConfiguration section */

/* Begin XCConfigurationList section */
		3CAD5A5E1A67B1F300F8ED75 /* Build configuration list for PBXProject "AreaChoose" */ = {
			isa = XCConfigurationList;
			buildConfigurations = (
				3CAD5A841A67B1F300F8ED75 /* Debug */,
				3CAD5A851A67B1F300F8ED75 /* Release */,
			);
			defaultConfigurationIsVisible = 0;
			defaultConfigurationName = Release;
		};
		3CAD5A861A67B1F300F8ED75 /* Build configuration list for PBXNativeTarget "AreaChoose" */ = {
			isa = XCConfigurationList;
			buildConfigurations = (
				3CAD5A871A67B1F300F8ED75 /* Debug */,
				3CAD5A881A67B1F300F8ED75 /* Release */,
			);
			defaultConfigurationIsVisible = 0;
		};
		3CAD5A891A67B1F300F8ED75 /* Build configuration list for PBXNativeTarget "AreaChooseTests" */ = {
			isa = XCConfigurationList;
			buildConfigurations = (
				3CAD5A8A1A67B1F300F8ED75 /* Debug */,
				3CAD5A8B1A67B1F300F8ED75 /* Release */,
			);
			defaultConfigurationIsVisible = 0;
		};
/* End XCConfigurationList section */
	};
	rootObject = 3CAD5A5B1A67B1F300F8ED75 /* Project object */;
}
